
Microsoft Visual Studio Solution File, Format Version 12.00
# Visual Studio 15
Project("{FAE04EC0-301F-11D3-BF4B-00C04F79EFBC}") = "Assembly-CSharp-firstpass", "Assembly-CSharp-firstpass.csproj", "{C460F254-BF4F-60D1-69D4-F31108009915}"
EndProject
Project("{FAE04EC0-301F-11D3-BF4B-00C04F79EFBC}") = "Assembly-CSharp", "Assembly-CSharp.csproj", "{1D1D0FFC-BBB8-917E-2AAE-8524D6D822EE}"
EndProject
Project("{FAE04EC0-301F-11D3-BF4B-00C04F79EFBC}") = "Assembly-CSharp-Editor", "Assembly-CSharp-Editor.csproj", "{998F3893-86C5-5197-0591-2995C41C8002}"
EndProject
Project("{FAE04EC0-301F-11D3-BF4B-00C04F79EFBC}") = "Assembly-CSharp-Editor-firstpass", "Assembly-CSharp-Editor-firstpass.csproj", "{539363FA-7625-6DFF-9108-0455940A85B4}"
EndProject
Global
	GlobalSection(SolutionConfigurationPlatforms) = preSolution
		Debug|Any CPU = Debug|Any CPU
		Release|Any CPU = Release|Any CPU
	EndGlobalSection
	GlobalSection(ProjectConfigurationPlatforms) = postSolution
		{C460F254-BF4F-60D1-69D4-F31108009915}.Debug|Any CPU.ActiveCfg = Debug|Any CPU
		{C460F254-BF4F-60D1-69D4-F31108009915}.Debug|Any CPU.Build.0 = Debug|Any CPU
		{C460F254-BF4F-60D1-69D4-F31108009915}.Release|Any CPU.ActiveCfg = Release|Any CPU
		{C460F254-BF4F-60D1-69D4-F31108009915}.Release|Any CPU.Build.0 = Release|Any CPU
		{1D1D0FFC-BBB8-917E-2AAE-8524D6D822EE}.Debug|Any CPU.ActiveCfg = Debug|Any CPU
		{1D1D0FFC-BBB8-917E-2AAE-8524D6D822EE}.Debug|Any CPU.Build.0 = Debug|Any CPU
		{1D1D0FFC-BBB8-917E-2AAE-8524D6D822EE}.Release|Any CPU.ActiveCfg = Release|Any CPU
		{1D1D0FFC-BBB8-917E-2AAE-8524D6D822EE}.Release|Any CPU.Build.0 = Release|Any CPU
		{998F3893-86C5-5197-0591-2995C41C8002}.Debug|Any CPU.ActiveCfg = Debug|Any CPU
		{998F3893-86C5-5197-0591-2995C41C8002}.Debug|Any CPU.Build.0 = Debug|Any CPU
		{998F3893-86C5-5197-0591-2995C41C8002}.Release|Any CPU.ActiveCfg = Release|Any CPU
		{998F3893-86C5-5197-0591-2995C41C8002}.Release|Any CPU.Build.0 = Release|Any CPU
		{539363FA-7625-6DFF-9108-0455940A85B4}.Debug|Any CPU.ActiveCfg = Debug|Any CPU
		{539363FA-7625-6DFF-9108-0455940A85B4}.Debug|Any CPU.Build.0 = Debug|Any CPU
		{539363FA-7625-6DFF-9108-0455940A85B4}.Release|Any CPU.ActiveCfg = Release|Any CPU
		{539363FA-7625-6DFF-9108-0455940A85B4}.Release|Any CPU.Build.0 = Release|Any CPU
	EndGlobalSection
	GlobalSection(SolutionProperties) = preSolution
		HideSolutionNode = FALSE
	EndGlobalSection
EndGlobal
